
Microsoft Visual Studio Solution File, Format Version 11.00
# Visual Studio 2010
Project("{FAE04EC0-301F-11D3-BF4B-00C04F79EFBC}") = "Outlook.Utility", "src\Outlook.Utility\Outlook.Utility.csproj", "{B251F001-1B3F-4CD6-8E4F-D1435A64867B}"
EndProject
Project("{FAE04EC0-301F-11D3-BF4B-00C04F79EFBC}") = "Outlook.Utility.Tests", "src\Outlook.Utility.Tests\Outlook.Utility.Tests.csproj", "{EF2FA399-7C3F-4C03-BA22-9A74B7BDBD67}"
EndProject
Project("{2150E333-8FDC-42A3-9474-1A3956D46DE8}") = "Solution Items", "Solution Items", "{23064D22-01CB-4090-ADFE-D0A1EDAF8567}"
EndProject
Project("{FAE04EC0-301F-11D3-BF4B-00C04F79EFBC}") = "Office.Utility", "src\Office.Utility\Office.Utility.csproj", "{6B0191EB-56BD-4A66-8ABF-B4B96905AFBF}"
EndProject
Project("{2150E333-8FDC-42A3-9474-1A3956D46DE8}") = "TestProjects", "TestProjects", "{84E271C7-3D9C-473C-ACF4-F7BC0BB285C0}"
EndProject
Project("{FAE04EC0-301F-11D3-BF4B-00C04F79EFBC}") = "Office.Utility.Tests", "src\Office.Utility.Tests\Office.Utility.Tests.csproj", "{37AB1850-9367-4F91-A4C2-A379FD65B04C}"
EndProject
Project("{FAE04EC0-301F-11D3-BF4B-00C04F79EFBC}") = "RibbonFactoryDemo", "RibbonFactoryDemo\RibbonFactoryDemo.csproj", "{93CCE40C-6A72-43AB-9352-877CF6C05170}"
EndProject
Global
	GlobalSection(SolutionConfigurationPlatforms) = preSolution
		Debug|Any CPU = Debug|Any CPU
		Debug|x86 = Debug|x86
		Release|Any CPU = Release|Any CPU
		Release|x86 = Release|x86
	EndGlobalSection
	GlobalSection(ProjectConfigurationPlatforms) = postSolution
		{B251F001-1B3F-4CD6-8E4F-D1435A64867B}.Debug|Any CPU.ActiveCfg = Debug|Any CPU
		{B251F001-1B3F-4CD6-8E4F-D1435A64867B}.Debug|Any CPU.Build.0 = Debug|Any CPU
		{B251F001-1B3F-4CD6-8E4F-D1435A64867B}.Debug|x86.ActiveCfg = Debug|x86
		{B251F001-1B3F-4CD6-8E4F-D1435A64867B}.Debug|x86.Build.0 = Debug|x86
		{B251F001-1B3F-4CD6-8E4F-D1435A64867B}.Release|Any CPU.ActiveCfg = Release|Any CPU
		{B251F001-1B3F-4CD6-8E4F-D1435A64867B}.Release|Any CPU.Build.0 = Release|Any CPU
		{B251F001-1B3F-4CD6-8E4F-D1435A64867B}.Release|x86.ActiveCfg = Release|Any CPU
		{EF2FA399-7C3F-4C03-BA22-9A74B7BDBD67}.Debug|Any CPU.ActiveCfg = Debug|Any CPU
		{EF2FA399-7C3F-4C03-BA22-9A74B7BDBD67}.Debug|Any CPU.Build.0 = Debug|Any CPU
		{EF2FA399-7C3F-4C03-BA22-9A74B7BDBD67}.Debug|x86.ActiveCfg = Debug|x86
		{EF2FA399-7C3F-4C03-BA22-9A74B7BDBD67}.Debug|x86.Build.0 = Debug|x86
		{EF2FA399-7C3F-4C03-BA22-9A74B7BDBD67}.Release|Any CPU.ActiveCfg = Release|x86
		{EF2FA399-7C3F-4C03-BA22-9A74B7BDBD67}.Release|x86.ActiveCfg = Release|x86
		{EF2FA399-7C3F-4C03-BA22-9A74B7BDBD67}.Release|x86.Build.0 = Release|x86
		{6B0191EB-56BD-4A66-8ABF-B4B96905AFBF}.Debug|Any CPU.ActiveCfg = Debug|Any CPU
		{6B0191EB-56BD-4A66-8ABF-B4B96905AFBF}.Debug|Any CPU.Build.0 = Debug|Any CPU
		{6B0191EB-56BD-4A66-8ABF-B4B96905AFBF}.Debug|x86.ActiveCfg = Debug|x86
		{6B0191EB-56BD-4A66-8ABF-B4B96905AFBF}.Debug|x86.Build.0 = Debug|x86
		{6B0191EB-56BD-4A66-8ABF-B4B96905AFBF}.Release|Any CPU.ActiveCfg = Release|Any CPU
		{6B0191EB-56BD-4A66-8ABF-B4B96905AFBF}.Release|Any CPU.Build.0 = Release|Any CPU
		{6B0191EB-56BD-4A66-8ABF-B4B96905AFBF}.Release|x86.ActiveCfg = Release|Any CPU
		{37AB1850-9367-4F91-A4C2-A379FD65B04C}.Debug|Any CPU.ActiveCfg = Debug|Any CPU
		{37AB1850-9367-4F91-A4C2-A379FD65B04C}.Debug|Any CPU.Build.0 = Debug|Any CPU
		{37AB1850-9367-4F91-A4C2-A379FD65B04C}.Debug|x86.ActiveCfg = Debug|x86
		{37AB1850-9367-4F91-A4C2-A379FD65B04C}.Debug|x86.Build.0 = Debug|x86
		{37AB1850-9367-4F91-A4C2-A379FD65B04C}.Release|Any CPU.ActiveCfg = Release|Any CPU
		{37AB1850-9367-4F91-A4C2-A379FD65B04C}.Release|Any CPU.Build.0 = Release|Any CPU
		{37AB1850-9367-4F91-A4C2-A379FD65B04C}.Release|x86.ActiveCfg = Release|Any CPU
		{93CCE40C-6A72-43AB-9352-877CF6C05170}.Debug|Any CPU.ActiveCfg = Debug|Any CPU
		{93CCE40C-6A72-43AB-9352-877CF6C05170}.Debug|Any CPU.Build.0 = Debug|Any CPU
		{93CCE40C-6A72-43AB-9352-877CF6C05170}.Debug|x86.ActiveCfg = Debug|Any CPU
		{93CCE40C-6A72-43AB-9352-877CF6C05170}.Release|Any CPU.ActiveCfg = Release|Any CPU
		{93CCE40C-6A72-43AB-9352-877CF6C05170}.Release|Any CPU.Build.0 = Release|Any CPU
		{93CCE40C-6A72-43AB-9352-877CF6C05170}.Release|x86.ActiveCfg = Release|Any CPU
	EndGlobalSection
	GlobalSection(SolutionProperties) = preSolution
		HideSolutionNode = FALSE
	EndGlobalSection
	GlobalSection(NestedProjects) = preSolution
		{EF2FA399-7C3F-4C03-BA22-9A74B7BDBD67} = {84E271C7-3D9C-473C-ACF4-F7BC0BB285C0}
		{37AB1850-9367-4F91-A4C2-A379FD65B04C} = {84E271C7-3D9C-473C-ACF4-F7BC0BB285C0}
		{93CCE40C-6A72-43AB-9352-877CF6C05170} = {84E271C7-3D9C-473C-ACF4-F7BC0BB285C0}
	EndGlobalSection
EndGlobal
