
Microsoft Visual Studio Solution File, Format Version 11.00
# Visual Studio 2010
Project("{FAE04EC0-301F-11D3-BF4B-00C04F79EFBC}") = "FacebookToOutlook2010Addin", "src\FacebookToOutlook2010Addin\FacebookToOutlook2010Addin.csproj", "{0ABB6CE2-A3CA-481D-9ABE-43CB743D7449}"
EndProject
Project("{FAE04EC0-301F-11D3-BF4B-00C04F79EFBC}") = "FacebookToOutlook", "src\FacebookToOutlook\FacebookToOutlook.csproj", "{A2F08C4D-F14C-475D-A1CE-A57AFBC3119D}"
EndProject
Project("{2150E333-8FDC-42A3-9474-1A3956D46DE8}") = "Solution Items", "Solution Items", "{EE83FBC0-4587-4C40-81ED-9CC6CD68C800}"
	ProjectSection(SolutionItems) = preProject
		Build.cmd = Build.cmd
		FacebookToOutlook.msbuild = FacebookToOutlook.msbuild
	EndProjectSection
EndProject
Project("{FAE04EC0-301F-11D3-BF4B-00C04F79EFBC}") = "FacebookToOutlook.Data", "src\FacebookToOutlook.Data\FacebookToOutlook.Data.csproj", "{317130ED-B9BA-454E-B87A-C2E7A304AB87}"
EndProject
Project("{FAE04EC0-301F-11D3-BF4B-00C04F79EFBC}") = "FacebookToOutlook.Services", "src\FacebookToOutlook.Services\FacebookToOutlook.Services.csproj", "{F77ECF81-2326-4F1F-A274-BFC21D1CD5D0}"
EndProject
Project("{2150E333-8FDC-42A3-9474-1A3956D46DE8}") = "TestProjects", "TestProjects", "{D5010918-E82E-496D-965D-C1FE5074F8ED}"
EndProject
Project("{FAE04EC0-301F-11D3-BF4B-00C04F79EFBC}") = "FacebookToOutlook.Services.Tests", "src\FacebookToOutlook.Services.Tests\FacebookToOutlook.Services.Tests.csproj", "{9F031A0D-827B-4CC2-9627-1A0D2DA2D412}"
EndProject
Project("{FAE04EC0-301F-11D3-BF4B-00C04F79EFBC}") = "FacebookToOutlook.Presentation.WPF", "src\FacebookToOutlook.Presentation.WPF\FacebookToOutlook.Presentation.WPF.csproj", "{1DFABC4B-3BF8-41D8-B0B7-78ECFEB7872F}"
EndProject
Project("{FAE04EC0-301F-11D3-BF4B-00C04F79EFBC}") = "FacebookToOutlook.Core", "src\FacebookToOutlook.Core\FacebookToOutlook.Core.csproj", "{8C36ED7F-622A-4C54-B70A-9B6260EF0E12}"
EndProject
Project("{FAE04EC0-301F-11D3-BF4B-00C04F79EFBC}") = "FacebookToOutlook.Presentation.WPF.Tests", "src\FacebookToOutlook.Presentation.WPF.Tests\FacebookToOutlook.Presentation.WPF.Tests.csproj", "{77F5C82F-094A-40D2-8C0D-88132BBD7A78}"
EndProject
Project("{FAE04EC0-301F-11D3-BF4B-00C04F79EFBC}") = "FacebookToOutlook.Core.Tests", "src\FacebookToOutlook.Core.Tests\FacebookToOutlook.Core.Tests.csproj", "{157BB17D-960B-4C98-A0CA-250422D11256}"
EndProject
Project("{FAE04EC0-301F-11D3-BF4B-00C04F79EFBC}") = "FacebookToOutlook.Data.Tests", "src\FacebookToOutlook.Data.Tests\FacebookToOutlook.Data.Tests.csproj", "{7C30905E-BD5C-4173-985E-AB930FD6B3A4}"
EndProject
Global
	GlobalSection(SolutionConfigurationPlatforms) = preSolution
		Debug|Any CPU = Debug|Any CPU
		Debug|Mixed Platforms = Debug|Mixed Platforms
		Release|Any CPU = Release|Any CPU
		Release|Mixed Platforms = Release|Mixed Platforms
	EndGlobalSection
	GlobalSection(ProjectConfigurationPlatforms) = postSolution
		{0ABB6CE2-A3CA-481D-9ABE-43CB743D7449}.Debug|Any CPU.ActiveCfg = Debug|Any CPU
		{0ABB6CE2-A3CA-481D-9ABE-43CB743D7449}.Debug|Any CPU.Build.0 = Debug|Any CPU
		{0ABB6CE2-A3CA-481D-9ABE-43CB743D7449}.Debug|Mixed Platforms.ActiveCfg = Debug|Any CPU
		{0ABB6CE2-A3CA-481D-9ABE-43CB743D7449}.Debug|Mixed Platforms.Build.0 = Debug|Any CPU
		{0ABB6CE2-A3CA-481D-9ABE-43CB743D7449}.Release|Any CPU.ActiveCfg = Release|Any CPU
		{0ABB6CE2-A3CA-481D-9ABE-43CB743D7449}.Release|Any CPU.Build.0 = Release|Any CPU
		{0ABB6CE2-A3CA-481D-9ABE-43CB743D7449}.Release|Mixed Platforms.ActiveCfg = Release|Any CPU
		{0ABB6CE2-A3CA-481D-9ABE-43CB743D7449}.Release|Mixed Platforms.Build.0 = Release|Any CPU
		{A2F08C4D-F14C-475D-A1CE-A57AFBC3119D}.Debug|Any CPU.ActiveCfg = Debug|Any CPU
		{A2F08C4D-F14C-475D-A1CE-A57AFBC3119D}.Debug|Any CPU.Build.0 = Debug|Any CPU
		{A2F08C4D-F14C-475D-A1CE-A57AFBC3119D}.Debug|Mixed Platforms.ActiveCfg = Debug|Any CPU
		{A2F08C4D-F14C-475D-A1CE-A57AFBC3119D}.Debug|Mixed Platforms.Build.0 = Debug|Any CPU
		{A2F08C4D-F14C-475D-A1CE-A57AFBC3119D}.Release|Any CPU.ActiveCfg = Release|Any CPU
		{A2F08C4D-F14C-475D-A1CE-A57AFBC3119D}.Release|Any CPU.Build.0 = Release|Any CPU
		{A2F08C4D-F14C-475D-A1CE-A57AFBC3119D}.Release|Mixed Platforms.ActiveCfg = Release|Any CPU
		{A2F08C4D-F14C-475D-A1CE-A57AFBC3119D}.Release|Mixed Platforms.Build.0 = Release|Any CPU
		{317130ED-B9BA-454E-B87A-C2E7A304AB87}.Debug|Any CPU.ActiveCfg = Debug|Any CPU
		{317130ED-B9BA-454E-B87A-C2E7A304AB87}.Debug|Any CPU.Build.0 = Debug|Any CPU
		{317130ED-B9BA-454E-B87A-C2E7A304AB87}.Debug|Mixed Platforms.ActiveCfg = Debug|Any CPU
		{317130ED-B9BA-454E-B87A-C2E7A304AB87}.Debug|Mixed Platforms.Build.0 = Debug|Any CPU
		{317130ED-B9BA-454E-B87A-C2E7A304AB87}.Release|Any CPU.ActiveCfg = Release|Any CPU
		{317130ED-B9BA-454E-B87A-C2E7A304AB87}.Release|Any CPU.Build.0 = Release|Any CPU
		{317130ED-B9BA-454E-B87A-C2E7A304AB87}.Release|Mixed Platforms.ActiveCfg = Release|Any CPU
		{317130ED-B9BA-454E-B87A-C2E7A304AB87}.Release|Mixed Platforms.Build.0 = Release|Any CPU
		{F77ECF81-2326-4F1F-A274-BFC21D1CD5D0}.Debug|Any CPU.ActiveCfg = Debug|Any CPU
		{F77ECF81-2326-4F1F-A274-BFC21D1CD5D0}.Debug|Any CPU.Build.0 = Debug|Any CPU
		{F77ECF81-2326-4F1F-A274-BFC21D1CD5D0}.Debug|Mixed Platforms.ActiveCfg = Debug|Any CPU
		{F77ECF81-2326-4F1F-A274-BFC21D1CD5D0}.Debug|Mixed Platforms.Build.0 = Debug|Any CPU
		{F77ECF81-2326-4F1F-A274-BFC21D1CD5D0}.Release|Any CPU.ActiveCfg = Release|Any CPU
		{F77ECF81-2326-4F1F-A274-BFC21D1CD5D0}.Release|Any CPU.Build.0 = Release|Any CPU
		{F77ECF81-2326-4F1F-A274-BFC21D1CD5D0}.Release|Mixed Platforms.ActiveCfg = Release|Any CPU
		{F77ECF81-2326-4F1F-A274-BFC21D1CD5D0}.Release|Mixed Platforms.Build.0 = Release|Any CPU
		{9F031A0D-827B-4CC2-9627-1A0D2DA2D412}.Debug|Any CPU.ActiveCfg = Debug|x86
		{9F031A0D-827B-4CC2-9627-1A0D2DA2D412}.Debug|Any CPU.Build.0 = Debug|x86
		{9F031A0D-827B-4CC2-9627-1A0D2DA2D412}.Debug|Mixed Platforms.ActiveCfg = Debug|x86
		{9F031A0D-827B-4CC2-9627-1A0D2DA2D412}.Debug|Mixed Platforms.Build.0 = Debug|x86
		{9F031A0D-827B-4CC2-9627-1A0D2DA2D412}.Release|Any CPU.ActiveCfg = Release|x86
		{9F031A0D-827B-4CC2-9627-1A0D2DA2D412}.Release|Mixed Platforms.ActiveCfg = Release|x86
		{9F031A0D-827B-4CC2-9627-1A0D2DA2D412}.Release|Mixed Platforms.Build.0 = Release|x86
		{1DFABC4B-3BF8-41D8-B0B7-78ECFEB7872F}.Debug|Any CPU.ActiveCfg = Debug|Any CPU
		{1DFABC4B-3BF8-41D8-B0B7-78ECFEB7872F}.Debug|Any CPU.Build.0 = Debug|Any CPU
		{1DFABC4B-3BF8-41D8-B0B7-78ECFEB7872F}.Debug|Mixed Platforms.ActiveCfg = Debug|Any CPU
		{1DFABC4B-3BF8-41D8-B0B7-78ECFEB7872F}.Debug|Mixed Platforms.Build.0 = Debug|Any CPU
		{1DFABC4B-3BF8-41D8-B0B7-78ECFEB7872F}.Release|Any CPU.ActiveCfg = Release|Any CPU
		{1DFABC4B-3BF8-41D8-B0B7-78ECFEB7872F}.Release|Any CPU.Build.0 = Release|Any CPU
		{1DFABC4B-3BF8-41D8-B0B7-78ECFEB7872F}.Release|Mixed Platforms.ActiveCfg = Release|Any CPU
		{1DFABC4B-3BF8-41D8-B0B7-78ECFEB7872F}.Release|Mixed Platforms.Build.0 = Release|Any CPU
		{8C36ED7F-622A-4C54-B70A-9B6260EF0E12}.Debug|Any CPU.ActiveCfg = Debug|Any CPU
		{8C36ED7F-622A-4C54-B70A-9B6260EF0E12}.Debug|Any CPU.Build.0 = Debug|Any CPU
		{8C36ED7F-622A-4C54-B70A-9B6260EF0E12}.Debug|Mixed Platforms.ActiveCfg = Debug|Any CPU
		{8C36ED7F-622A-4C54-B70A-9B6260EF0E12}.Debug|Mixed Platforms.Build.0 = Debug|Any CPU
		{8C36ED7F-622A-4C54-B70A-9B6260EF0E12}.Release|Any CPU.ActiveCfg = Release|Any CPU
		{8C36ED7F-622A-4C54-B70A-9B6260EF0E12}.Release|Any CPU.Build.0 = Release|Any CPU
		{8C36ED7F-622A-4C54-B70A-9B6260EF0E12}.Release|Mixed Platforms.ActiveCfg = Release|Any CPU
		{8C36ED7F-622A-4C54-B70A-9B6260EF0E12}.Release|Mixed Platforms.Build.0 = Release|Any CPU
		{77F5C82F-094A-40D2-8C0D-88132BBD7A78}.Debug|Any CPU.ActiveCfg = Debug|x86
		{77F5C82F-094A-40D2-8C0D-88132BBD7A78}.Debug|Any CPU.Build.0 = Debug|x86
		{77F5C82F-094A-40D2-8C0D-88132BBD7A78}.Debug|Mixed Platforms.ActiveCfg = Debug|x86
		{77F5C82F-094A-40D2-8C0D-88132BBD7A78}.Debug|Mixed Platforms.Build.0 = Debug|x86
		{77F5C82F-094A-40D2-8C0D-88132BBD7A78}.Release|Any CPU.ActiveCfg = Release|x86
		{77F5C82F-094A-40D2-8C0D-88132BBD7A78}.Release|Mixed Platforms.ActiveCfg = Release|x86
		{77F5C82F-094A-40D2-8C0D-88132BBD7A78}.Release|Mixed Platforms.Build.0 = Release|x86
		{157BB17D-960B-4C98-A0CA-250422D11256}.Debug|Any CPU.ActiveCfg = Debug|Any CPU
		{157BB17D-960B-4C98-A0CA-250422D11256}.Debug|Any CPU.Build.0 = Debug|Any CPU
		{157BB17D-960B-4C98-A0CA-250422D11256}.Debug|Mixed Platforms.ActiveCfg = Debug|Any CPU
		{157BB17D-960B-4C98-A0CA-250422D11256}.Debug|Mixed Platforms.Build.0 = Debug|Any CPU
		{157BB17D-960B-4C98-A0CA-250422D11256}.Release|Any CPU.ActiveCfg = Release|Any CPU
		{157BB17D-960B-4C98-A0CA-250422D11256}.Release|Any CPU.Build.0 = Release|Any CPU
		{157BB17D-960B-4C98-A0CA-250422D11256}.Release|Mixed Platforms.ActiveCfg = Release|Any CPU
		{157BB17D-960B-4C98-A0CA-250422D11256}.Release|Mixed Platforms.Build.0 = Release|Any CPU
		{7C30905E-BD5C-4173-985E-AB930FD6B3A4}.Debug|Any CPU.ActiveCfg = Debug|Any CPU
		{7C30905E-BD5C-4173-985E-AB930FD6B3A4}.Debug|Any CPU.Build.0 = Debug|Any CPU
		{7C30905E-BD5C-4173-985E-AB930FD6B3A4}.Debug|Mixed Platforms.ActiveCfg = Debug|Any CPU
		{7C30905E-BD5C-4173-985E-AB930FD6B3A4}.Debug|Mixed Platforms.Build.0 = Debug|Any CPU
		{7C30905E-BD5C-4173-985E-AB930FD6B3A4}.Release|Any CPU.ActiveCfg = Release|Any CPU
		{7C30905E-BD5C-4173-985E-AB930FD6B3A4}.Release|Any CPU.Build.0 = Release|Any CPU
		{7C30905E-BD5C-4173-985E-AB930FD6B3A4}.Release|Mixed Platforms.ActiveCfg = Release|Any CPU
		{7C30905E-BD5C-4173-985E-AB930FD6B3A4}.Release|Mixed Platforms.Build.0 = Release|Any CPU
	EndGlobalSection
	GlobalSection(SolutionProperties) = preSolution
		HideSolutionNode = FALSE
	EndGlobalSection
	GlobalSection(NestedProjects) = preSolution
		{9F031A0D-827B-4CC2-9627-1A0D2DA2D412} = {D5010918-E82E-496D-965D-C1FE5074F8ED}
		{77F5C82F-094A-40D2-8C0D-88132BBD7A78} = {D5010918-E82E-496D-965D-C1FE5074F8ED}
		{157BB17D-960B-4C98-A0CA-250422D11256} = {D5010918-E82E-496D-965D-C1FE5074F8ED}
		{7C30905E-BD5C-4173-985E-AB930FD6B3A4} = {D5010918-E82E-496D-965D-C1FE5074F8ED}
	EndGlobalSection
	GlobalSection(NDepend) = preSolution
		Project = ""
	EndGlobalSection
EndGlobal
