
Microsoft Visual Studio Solution File, Format Version 12.00
# Visual Studio 2013
VisualStudioVersion = 12.0.20617.1 PREVIEW
MinimumVisualStudioVersion = 10.0.40219.1
Project("{2150E333-8FDC-42A3-9474-1A3956D46DE8}") = "Solution Items", "Solution Items", "{23064D22-01CB-4090-ADFE-D0A1EDAF8567}"
	ProjectSection(SolutionItems) = preProject
		..\build\AddinBootstrapper.cs.pp = ..\build\AddinBootstrapper.cs.pp
		..\Build.cmd = ..\Build.cmd
		..\build\Install.ps1 = ..\build\Install.ps1
		..\build\Readme.txt.pp = ..\build\Readme.txt.pp
		Information\SolutionInfo.cs = Information\SolutionInfo.cs
		..\build\Uninstall.ps1 = ..\build\Uninstall.ps1
		Information\VersionInfo.cs = Information\VersionInfo.cs
		..\VSTO Contrib Office Application.msbuild = ..\VSTO Contrib Office Application.msbuild
		..\VSTO Contrib.msbuild = ..\VSTO Contrib.msbuild
		..\build\VSTOContrib.nuspec = ..\build\VSTOContrib.nuspec
	EndProjectSection
EndProject
Project("{2150E333-8FDC-42A3-9474-1A3956D46DE8}") = "TestProjects", "TestProjects", "{84E271C7-3D9C-473C-ACF4-F7BC0BB285C0}"
EndProject
Project("{2150E333-8FDC-42A3-9474-1A3956D46DE8}") = ".nuget", ".nuget", "{1C9C8D4B-BC16-45E7-8A8D-23B39BEDAC9F}"
	ProjectSection(SolutionItems) = preProject
		.nuget\NuGet.Config = .nuget\NuGet.Config
		.nuget\NuGet.exe = .nuget\NuGet.exe
		.nuget\NuGet.targets = .nuget\NuGet.targets
	EndProjectSection
EndProject
Project("{FAE04EC0-301F-11D3-BF4B-00C04F79EFBC}") = "VSTOContrib.Core.Tests", "TestProjects\VSTOContrib.Core.Tests\VSTOContrib.Core.Tests.csproj", "{37AB1850-9367-4F91-A4C2-A379FD65B04C}"
EndProject
Project("{FAE04EC0-301F-11D3-BF4B-00C04F79EFBC}") = "VSTOContrib.Outlook.Tests", "TestProjects\VSTOContrib.Outlook.Tests\VSTOContrib.Outlook.Tests.csproj", "{EF2FA399-7C3F-4C03-BA22-9A74B7BDBD67}"
EndProject
Project("{FAE04EC0-301F-11D3-BF4B-00C04F79EFBC}") = "VSTOContrib.Core", "VSTOContrib.Core\VSTOContrib.Core.csproj", "{6B0191EB-56BD-4A66-8ABF-B4B96905AFBF}"
EndProject
Project("{FAE04EC0-301F-11D3-BF4B-00C04F79EFBC}") = "VSTOContrib.Outlook", "VSTOContrib.Outlook\VSTOContrib.Outlook.csproj", "{B251F001-1B3F-4CD6-8E4F-D1435A64867B}"
EndProject
Project("{FAE04EC0-301F-11D3-BF4B-00C04F79EFBC}") = "VSTOContrib.Word", "VSTOContrib.Word\VSTOContrib.Word.csproj", "{9D3119D9-B898-45E8-92AF-2566DA3F85FC}"
EndProject
Project("{FAE04EC0-301F-11D3-BF4B-00C04F79EFBC}") = "VSTOContrib.Word.Tests", "TestProjects\VSTOContrib.Word.Tests\VSTOContrib.Word.Tests.csproj", "{AA2B915B-B6DA-428E-9E86-32D33AD255F3}"
EndProject
Project("{FAE04EC0-301F-11D3-BF4B-00C04F79EFBC}") = "Add-inUninstaller", "Add-inUninstaller\Add-inUninstaller.csproj", "{A3193129-090A-47F6-93A2-6AD81AEFFC3C}"
EndProject
Project("{FAE04EC0-301F-11D3-BF4B-00C04F79EFBC}") = "VSTOContrib.PowerPoint", "VSTOContrib.PowerPoint\VSTOContrib.PowerPoint.csproj", "{B2E0CA45-DFA9-447B-B473-9A17756BF79A}"
EndProject
Project("{FAE04EC0-301F-11D3-BF4B-00C04F79EFBC}") = "VSTOContrib.Excel", "VSTOContrib.Excel\VSTOContrib.Excel.csproj", "{37CBBF12-5453-49EB-9251-5CABCCA6ADCD}"
EndProject
Project("{FAE04EC0-301F-11D3-BF4B-00C04F79EFBC}") = "VSTOContrib.Excel.Tests", "TestProjects\VSTOContrib.Excel.Tests\VSTOContrib.Excel.Tests.csproj", "{A49AD821-7C7C-4411-9BF9-743CD5880D55}"
EndProject
Project("{FAE04EC0-301F-11D3-BF4B-00C04F79EFBC}") = "VSTOContrib.PowerPoint.Tests", "TestProjects\VSTOContrib.PowerPoint.Tests\VSTOContrib.PowerPoint.Tests.csproj", "{C26F2473-A2A7-4731-A9DC-DD64E1B9ABC1}"
EndProject
Project("{2150E333-8FDC-42A3-9474-1A3956D46DE8}") = "Samples", "Samples", "{41BCBF9C-8728-4E18-9B97-C16C21758FA6}"
EndProject
Project("{FAE04EC0-301F-11D3-BF4B-00C04F79EFBC}") = "OutlookAddIn1", "ScratchPad\OutlookAddIn1\OutlookAddIn1.csproj", "{060413C5-01B0-46FE-8248-DDA1872F72CF}"
EndProject
Project("{FAE04EC0-301F-11D3-BF4B-00C04F79EFBC}") = "TwitterResultsWordAddin", "ScratchPad\WordAddIn1\TwitterResultsWordAddin.csproj", "{5ADBDC50-50D6-4B5A-95A5-ABCF70463D1D}"
EndProject
Project("{FAE04EC0-301F-11D3-BF4B-00C04F79EFBC}") = "VSTOContrib.Work.Quickstart", "VSTOContrib.Work.Quickstart\VSTOContrib.Work.Quickstart.csproj", "{03BC80FE-F5B0-41E4-B2B7-2A7575D31078}"
EndProject
Global
	GlobalSection(SolutionConfigurationPlatforms) = preSolution
		Debug|Any CPU = Debug|Any CPU
		Release|Any CPU = Release|Any CPU
	EndGlobalSection
	GlobalSection(ProjectConfigurationPlatforms) = postSolution
		{37AB1850-9367-4F91-A4C2-A379FD65B04C}.Debug|Any CPU.ActiveCfg = Debug|Any CPU
		{37AB1850-9367-4F91-A4C2-A379FD65B04C}.Debug|Any CPU.Build.0 = Debug|Any CPU
		{37AB1850-9367-4F91-A4C2-A379FD65B04C}.Release|Any CPU.ActiveCfg = Release|Any CPU
		{37AB1850-9367-4F91-A4C2-A379FD65B04C}.Release|Any CPU.Build.0 = Release|Any CPU
		{EF2FA399-7C3F-4C03-BA22-9A74B7BDBD67}.Debug|Any CPU.ActiveCfg = Debug|Any CPU
		{EF2FA399-7C3F-4C03-BA22-9A74B7BDBD67}.Debug|Any CPU.Build.0 = Debug|Any CPU
		{EF2FA399-7C3F-4C03-BA22-9A74B7BDBD67}.Release|Any CPU.ActiveCfg = Release|Any CPU
		{EF2FA399-7C3F-4C03-BA22-9A74B7BDBD67}.Release|Any CPU.Build.0 = Release|Any CPU
		{6B0191EB-56BD-4A66-8ABF-B4B96905AFBF}.Debug|Any CPU.ActiveCfg = Debug|Any CPU
		{6B0191EB-56BD-4A66-8ABF-B4B96905AFBF}.Debug|Any CPU.Build.0 = Debug|Any CPU
		{6B0191EB-56BD-4A66-8ABF-B4B96905AFBF}.Release|Any CPU.ActiveCfg = Release|Any CPU
		{6B0191EB-56BD-4A66-8ABF-B4B96905AFBF}.Release|Any CPU.Build.0 = Release|Any CPU
		{B251F001-1B3F-4CD6-8E4F-D1435A64867B}.Debug|Any CPU.ActiveCfg = Debug|Any CPU
		{B251F001-1B3F-4CD6-8E4F-D1435A64867B}.Debug|Any CPU.Build.0 = Debug|Any CPU
		{B251F001-1B3F-4CD6-8E4F-D1435A64867B}.Release|Any CPU.ActiveCfg = Release|Any CPU
		{B251F001-1B3F-4CD6-8E4F-D1435A64867B}.Release|Any CPU.Build.0 = Release|Any CPU
		{9D3119D9-B898-45E8-92AF-2566DA3F85FC}.Debug|Any CPU.ActiveCfg = Debug|Any CPU
		{9D3119D9-B898-45E8-92AF-2566DA3F85FC}.Debug|Any CPU.Build.0 = Debug|Any CPU
		{9D3119D9-B898-45E8-92AF-2566DA3F85FC}.Release|Any CPU.ActiveCfg = Release|Any CPU
		{9D3119D9-B898-45E8-92AF-2566DA3F85FC}.Release|Any CPU.Build.0 = Release|Any CPU
		{AA2B915B-B6DA-428E-9E86-32D33AD255F3}.Debug|Any CPU.ActiveCfg = Debug|Any CPU
		{AA2B915B-B6DA-428E-9E86-32D33AD255F3}.Debug|Any CPU.Build.0 = Debug|Any CPU
		{AA2B915B-B6DA-428E-9E86-32D33AD255F3}.Release|Any CPU.ActiveCfg = Release|Any CPU
		{AA2B915B-B6DA-428E-9E86-32D33AD255F3}.Release|Any CPU.Build.0 = Release|Any CPU
		{A3193129-090A-47F6-93A2-6AD81AEFFC3C}.Debug|Any CPU.ActiveCfg = Debug|Any CPU
		{A3193129-090A-47F6-93A2-6AD81AEFFC3C}.Debug|Any CPU.Build.0 = Debug|Any CPU
		{A3193129-090A-47F6-93A2-6AD81AEFFC3C}.Release|Any CPU.ActiveCfg = Release|Any CPU
		{A3193129-090A-47F6-93A2-6AD81AEFFC3C}.Release|Any CPU.Build.0 = Release|Any CPU
		{B2E0CA45-DFA9-447B-B473-9A17756BF79A}.Debug|Any CPU.ActiveCfg = Debug|Any CPU
		{B2E0CA45-DFA9-447B-B473-9A17756BF79A}.Debug|Any CPU.Build.0 = Debug|Any CPU
		{B2E0CA45-DFA9-447B-B473-9A17756BF79A}.Release|Any CPU.ActiveCfg = Release|Any CPU
		{B2E0CA45-DFA9-447B-B473-9A17756BF79A}.Release|Any CPU.Build.0 = Release|Any CPU
		{37CBBF12-5453-49EB-9251-5CABCCA6ADCD}.Debug|Any CPU.ActiveCfg = Debug|Any CPU
		{37CBBF12-5453-49EB-9251-5CABCCA6ADCD}.Debug|Any CPU.Build.0 = Debug|Any CPU
		{37CBBF12-5453-49EB-9251-5CABCCA6ADCD}.Release|Any CPU.ActiveCfg = Release|Any CPU
		{37CBBF12-5453-49EB-9251-5CABCCA6ADCD}.Release|Any CPU.Build.0 = Release|Any CPU
		{A49AD821-7C7C-4411-9BF9-743CD5880D55}.Debug|Any CPU.ActiveCfg = Debug|Any CPU
		{A49AD821-7C7C-4411-9BF9-743CD5880D55}.Debug|Any CPU.Build.0 = Debug|Any CPU
		{A49AD821-7C7C-4411-9BF9-743CD5880D55}.Release|Any CPU.ActiveCfg = Release|Any CPU
		{A49AD821-7C7C-4411-9BF9-743CD5880D55}.Release|Any CPU.Build.0 = Release|Any CPU
		{C26F2473-A2A7-4731-A9DC-DD64E1B9ABC1}.Debug|Any CPU.ActiveCfg = Debug|Any CPU
		{C26F2473-A2A7-4731-A9DC-DD64E1B9ABC1}.Debug|Any CPU.Build.0 = Debug|Any CPU
		{C26F2473-A2A7-4731-A9DC-DD64E1B9ABC1}.Release|Any CPU.ActiveCfg = Release|Any CPU
		{C26F2473-A2A7-4731-A9DC-DD64E1B9ABC1}.Release|Any CPU.Build.0 = Release|Any CPU
		{060413C5-01B0-46FE-8248-DDA1872F72CF}.Debug|Any CPU.ActiveCfg = Debug|Any CPU
		{060413C5-01B0-46FE-8248-DDA1872F72CF}.Debug|Any CPU.Build.0 = Debug|Any CPU
		{060413C5-01B0-46FE-8248-DDA1872F72CF}.Release|Any CPU.ActiveCfg = Release|Any CPU
		{060413C5-01B0-46FE-8248-DDA1872F72CF}.Release|Any CPU.Build.0 = Release|Any CPU
		{5ADBDC50-50D6-4B5A-95A5-ABCF70463D1D}.Debug|Any CPU.ActiveCfg = Debug|Any CPU
		{5ADBDC50-50D6-4B5A-95A5-ABCF70463D1D}.Debug|Any CPU.Build.0 = Debug|Any CPU
		{5ADBDC50-50D6-4B5A-95A5-ABCF70463D1D}.Release|Any CPU.ActiveCfg = Release|Any CPU
		{5ADBDC50-50D6-4B5A-95A5-ABCF70463D1D}.Release|Any CPU.Build.0 = Release|Any CPU
		{03BC80FE-F5B0-41E4-B2B7-2A7575D31078}.Debug|Any CPU.ActiveCfg = Debug|Any CPU
		{03BC80FE-F5B0-41E4-B2B7-2A7575D31078}.Debug|Any CPU.Build.0 = Debug|Any CPU
		{03BC80FE-F5B0-41E4-B2B7-2A7575D31078}.Release|Any CPU.ActiveCfg = Release|Any CPU
		{03BC80FE-F5B0-41E4-B2B7-2A7575D31078}.Release|Any CPU.Build.0 = Release|Any CPU
	EndGlobalSection
	GlobalSection(SolutionProperties) = preSolution
		HideSolutionNode = FALSE
	EndGlobalSection
	GlobalSection(NestedProjects) = preSolution
		{37AB1850-9367-4F91-A4C2-A379FD65B04C} = {84E271C7-3D9C-473C-ACF4-F7BC0BB285C0}
		{EF2FA399-7C3F-4C03-BA22-9A74B7BDBD67} = {84E271C7-3D9C-473C-ACF4-F7BC0BB285C0}
		{AA2B915B-B6DA-428E-9E86-32D33AD255F3} = {84E271C7-3D9C-473C-ACF4-F7BC0BB285C0}
		{A49AD821-7C7C-4411-9BF9-743CD5880D55} = {84E271C7-3D9C-473C-ACF4-F7BC0BB285C0}
		{C26F2473-A2A7-4731-A9DC-DD64E1B9ABC1} = {84E271C7-3D9C-473C-ACF4-F7BC0BB285C0}
		{060413C5-01B0-46FE-8248-DDA1872F72CF} = {41BCBF9C-8728-4E18-9B97-C16C21758FA6}
		{5ADBDC50-50D6-4B5A-95A5-ABCF70463D1D} = {41BCBF9C-8728-4E18-9B97-C16C21758FA6}
	EndGlobalSection
EndGlobal
