
Microsoft Visual Studio Solution File, Format Version 12.00
# Visual Studio 2013
VisualStudioVersion = 12.0.30110.0
MinimumVisualStudioVersion = 10.0.40219.1
Project("{2150E333-8FDC-42A3-9474-1A3956D46DE8}") = "Solution Items", "Solution Items", "{23064D22-01CB-4090-ADFE-D0A1EDAF8567}"
	ProjectSection(SolutionItems) = preProject
		..\Build.cmd = ..\Build.cmd
		..\build\Install.ps1 = ..\build\Install.ps1
		..\NextVersion.txt = ..\NextVersion.txt
		..\README.md = ..\README.md
		..\build\Readme.txt = ..\build\Readme.txt
		Information\SolutionInfo.cs = Information\SolutionInfo.cs
		..\VSTO Contrib Office Application.proj = ..\VSTO Contrib Office Application.proj
		..\build\VSTOContrib.nuspec = ..\build\VSTOContrib.nuspec
		..\VSTOContrib.proj = ..\VSTOContrib.proj
	EndProjectSection
EndProject
Project("{2150E333-8FDC-42A3-9474-1A3956D46DE8}") = ".nuget", ".nuget", "{1C9C8D4B-BC16-45E7-8A8D-23B39BEDAC9F}"
	ProjectSection(SolutionItems) = preProject
		.nuget\NuGet.Config = .nuget\NuGet.Config
		.nuget\NuGet.exe = .nuget\NuGet.exe
		.nuget\NuGet.targets = .nuget\NuGet.targets
	EndProjectSection
EndProject
Project("{FAE04EC0-301F-11D3-BF4B-00C04F79EFBC}") = "VSTOContrib.Core.Tests", "TestProjects\VSTOContrib.Core.Tests\VSTOContrib.Core.Tests.csproj", "{37AB1850-9367-4F91-A4C2-A379FD65B04C}"
EndProject
Project("{FAE04EC0-301F-11D3-BF4B-00C04F79EFBC}") = "VSTOContrib.Outlook.Tests", "TestProjects\VSTOContrib.Outlook.Tests\VSTOContrib.Outlook.Tests.csproj", "{EF2FA399-7C3F-4C03-BA22-9A74B7BDBD67}"
EndProject
Project("{FAE04EC0-301F-11D3-BF4B-00C04F79EFBC}") = "VSTOContrib.Core", "VSTOContrib.Core\VSTOContrib.Core.csproj", "{6B0191EB-56BD-4A66-8ABF-B4B96905AFBF}"
EndProject
Project("{FAE04EC0-301F-11D3-BF4B-00C04F79EFBC}") = "VSTOContrib.Outlook", "VSTOContrib.Outlook\VSTOContrib.Outlook.csproj", "{B251F001-1B3F-4CD6-8E4F-D1435A64867B}"
EndProject
Project("{FAE04EC0-301F-11D3-BF4B-00C04F79EFBC}") = "VSTOContrib.Word", "VSTOContrib.Word\VSTOContrib.Word.csproj", "{9D3119D9-B898-45E8-92AF-2566DA3F85FC}"
EndProject
Project("{FAE04EC0-301F-11D3-BF4B-00C04F79EFBC}") = "VSTOContrib.Word.Tests", "TestProjects\VSTOContrib.Word.Tests\VSTOContrib.Word.Tests.csproj", "{AA2B915B-B6DA-428E-9E86-32D33AD255F3}"
EndProject
Project("{FAE04EC0-301F-11D3-BF4B-00C04F79EFBC}") = "Add-inUninstaller", "Add-inUninstaller\Add-inUninstaller.csproj", "{A3193129-090A-47F6-93A2-6AD81AEFFC3C}"
EndProject
Project("{FAE04EC0-301F-11D3-BF4B-00C04F79EFBC}") = "VSTOContrib.PowerPoint", "VSTOContrib.PowerPoint\VSTOContrib.PowerPoint.csproj", "{B2E0CA45-DFA9-447B-B473-9A17756BF79A}"
EndProject
Project("{FAE04EC0-301F-11D3-BF4B-00C04F79EFBC}") = "VSTOContrib.Excel", "VSTOContrib.Excel\VSTOContrib.Excel.csproj", "{37CBBF12-5453-49EB-9251-5CABCCA6ADCD}"
EndProject
Project("{FAE04EC0-301F-11D3-BF4B-00C04F79EFBC}") = "VSTOContrib.Excel.Tests", "TestProjects\VSTOContrib.Excel.Tests\VSTOContrib.Excel.Tests.csproj", "{A49AD821-7C7C-4411-9BF9-743CD5880D55}"
EndProject
Project("{FAE04EC0-301F-11D3-BF4B-00C04F79EFBC}") = "VSTOContrib.PowerPoint.Tests", "TestProjects\VSTOContrib.PowerPoint.Tests\VSTOContrib.PowerPoint.Tests.csproj", "{C26F2473-A2A7-4731-A9DC-DD64E1B9ABC1}"
EndProject
Project("{2150E333-8FDC-42A3-9474-1A3956D46DE8}") = "Samples", "Samples", "{41BCBF9C-8728-4E18-9B97-C16C21758FA6}"
EndProject
Project("{2150E333-8FDC-42A3-9474-1A3956D46DE8}") = "Word", "Word", "{B2C12215-E252-4BD6-8182-A485D600F7B5}"
EndProject
Project("{2150E333-8FDC-42A3-9474-1A3956D46DE8}") = "Outlook", "Outlook", "{80424370-9A8F-4E21-A4AC-89FF56EA3E2F}"
EndProject
Project("{FAE04EC0-301F-11D3-BF4B-00C04F79EFBC}") = "VSTOContrib.Autofac", "VSTOContrib.Autofac\VSTOContrib.Autofac.csproj", "{CBC234F1-3F4A-4A1A-9A92-6C1A7AD98E77}"
EndProject
Project("{2150E333-8FDC-42A3-9474-1A3956D46DE8}") = "PowerPoint", "PowerPoint", "{41A769D0-EAC1-4209-B257-14B7B6C66FF7}"
EndProject
Project("{2150E333-8FDC-42A3-9474-1A3956D46DE8}") = "Excel", "Excel", "{6D88B7DC-E7A6-4A48-BBB5-421F9968BFEF}"
EndProject
Project("{FAE04EC0-301F-11D3-BF4B-00C04F79EFBC}") = "AddTextAddin", "Samples\PowerPoint\AddTextAddin\AddTextAddin.csproj", "{B79B1B24-8021-4B03-8D74-0A3B40480E0E}"
EndProject
Project("{FAE04EC0-301F-11D3-BF4B-00C04F79EFBC}") = "AddTextAddin.Core", "Samples\PowerPoint\AddTextAddin.Core\AddTextAddin.Core.csproj", "{B7A10C20-82CE-457A-9EE6-C6DAD73D3DC0}"
EndProject
Project("{FAE04EC0-301F-11D3-BF4B-00C04F79EFBC}") = "QuoteGeneratorAddin", "Samples\Excel\QuoteGeneratorAddin\QuoteGeneratorAddin.csproj", "{A3C665C9-080E-4EE2-9878-454493BE6FE6}"
EndProject
Project("{FAE04EC0-301F-11D3-BF4B-00C04F79EFBC}") = "QuoteGeneratorAddin.Core", "Samples\Excel\QuoteGeneratorAddin.Core\QuoteGeneratorAddin.Core.csproj", "{31E79E92-FA93-4C6C-BCD3-C1871EF1E489}"
EndProject
Project("{FAE04EC0-301F-11D3-BF4B-00C04F79EFBC}") = "GitHubForOutlookAddin", "Samples\Outlook\GitHubForOutlookAddin\GitHubForOutlookAddin.csproj", "{07B33CB5-6846-4DFD-9476-58AB5A31B561}"
EndProject
Project("{FAE04EC0-301F-11D3-BF4B-00C04F79EFBC}") = "GitHubForOutlook.Tests", "Samples\Outlook\GitHubForOutlook.Tests\GitHubForOutlook.Tests.csproj", "{EE169069-9018-4CFA-9CAB-B4DBC57FA0C3}"
EndProject
Project("{FAE04EC0-301F-11D3-BF4B-00C04F79EFBC}") = "WikipediaWordAddin.Core", "Samples\Word\WikipediaWordAddin.Core\WikipediaWordAddin.Core.csproj", "{3006B5A9-02CD-400A-83C2-090F0FDCD0C4}"
EndProject
Project("{FAE04EC0-301F-11D3-BF4B-00C04F79EFBC}") = "WikipediaWordAddin.UnitTests", "Samples\Word\WikipediaWordAddin.UnitTests\WikipediaWordAddin.UnitTests.csproj", "{56417C1A-1EA8-41F4-AB2C-19BDCE76082B}"
EndProject
Project("{FAE04EC0-301F-11D3-BF4B-00C04F79EFBC}") = "WikipediaWordAddin", "Samples\Word\WikipediaWordAddin\WikipediaWordAddin.csproj", "{5ADBDC50-50D6-4B5A-95A5-ABCF70463D1D}"
EndProject
Project("{FAE04EC0-301F-11D3-BF4B-00C04F79EFBC}") = "GitHubForOutlook.Core", "Samples\Outlook\GitHubForOutlook.Core\GitHubForOutlook.Core.csproj", "{F713C61F-973E-4BC2-A553-6D9D5E5F6D0E}"
EndProject
Project("{2150E333-8FDC-42A3-9474-1A3956D46DE8}") = "TestDoubles", "TestDoubles", "{FA253022-A99E-4271-82DC-74A13649391C}"
EndProject
Project("{FAE04EC0-301F-11D3-BF4B-00C04F79EFBC}") = "Word.TestDoubles", "TestDoubles\Word.TestDoubles\Word.TestDoubles.csproj", "{24A97C3B-7346-4ED6-8293-20AADEB5795A}"
EndProject
Project("{FAE04EC0-301F-11D3-BF4B-00C04F79EFBC}") = "Office.TestDoubles", "TestDoubles\Office.TestDoubles\Office.TestDoubles.csproj", "{5FE9E609-DE95-4B55-8786-8B2847698D10}"
EndProject
Project("{FAE04EC0-301F-11D3-BF4B-00C04F79EFBC}") = "TestDoubleTests", "TestDoubles\TestDoubleTests\TestDoubleTests.csproj", "{68177969-CD21-4C5F-8439-C65C3BD648F3}"
EndProject
Global
	GlobalSection(SolutionConfigurationPlatforms) = preSolution
		Debug|Any CPU = Debug|Any CPU
		Release|Any CPU = Release|Any CPU
	EndGlobalSection
	GlobalSection(ProjectConfigurationPlatforms) = postSolution
		{37AB1850-9367-4F91-A4C2-A379FD65B04C}.Debug|Any CPU.ActiveCfg = Debug|Any CPU
		{37AB1850-9367-4F91-A4C2-A379FD65B04C}.Debug|Any CPU.Build.0 = Debug|Any CPU
		{37AB1850-9367-4F91-A4C2-A379FD65B04C}.Release|Any CPU.ActiveCfg = Release|Any CPU
		{37AB1850-9367-4F91-A4C2-A379FD65B04C}.Release|Any CPU.Build.0 = Release|Any CPU
		{EF2FA399-7C3F-4C03-BA22-9A74B7BDBD67}.Debug|Any CPU.ActiveCfg = Debug|Any CPU
		{EF2FA399-7C3F-4C03-BA22-9A74B7BDBD67}.Debug|Any CPU.Build.0 = Debug|Any CPU
		{EF2FA399-7C3F-4C03-BA22-9A74B7BDBD67}.Release|Any CPU.ActiveCfg = Release|Any CPU
		{EF2FA399-7C3F-4C03-BA22-9A74B7BDBD67}.Release|Any CPU.Build.0 = Release|Any CPU
		{6B0191EB-56BD-4A66-8ABF-B4B96905AFBF}.Debug|Any CPU.ActiveCfg = Debug|Any CPU
		{6B0191EB-56BD-4A66-8ABF-B4B96905AFBF}.Debug|Any CPU.Build.0 = Debug|Any CPU
		{6B0191EB-56BD-4A66-8ABF-B4B96905AFBF}.Release|Any CPU.ActiveCfg = Release|Any CPU
		{6B0191EB-56BD-4A66-8ABF-B4B96905AFBF}.Release|Any CPU.Build.0 = Release|Any CPU
		{B251F001-1B3F-4CD6-8E4F-D1435A64867B}.Debug|Any CPU.ActiveCfg = Debug|Any CPU
		{B251F001-1B3F-4CD6-8E4F-D1435A64867B}.Debug|Any CPU.Build.0 = Debug|Any CPU
		{B251F001-1B3F-4CD6-8E4F-D1435A64867B}.Release|Any CPU.ActiveCfg = Release|Any CPU
		{B251F001-1B3F-4CD6-8E4F-D1435A64867B}.Release|Any CPU.Build.0 = Release|Any CPU
		{9D3119D9-B898-45E8-92AF-2566DA3F85FC}.Debug|Any CPU.ActiveCfg = Debug|Any CPU
		{9D3119D9-B898-45E8-92AF-2566DA3F85FC}.Debug|Any CPU.Build.0 = Debug|Any CPU
		{9D3119D9-B898-45E8-92AF-2566DA3F85FC}.Release|Any CPU.ActiveCfg = Release|Any CPU
		{9D3119D9-B898-45E8-92AF-2566DA3F85FC}.Release|Any CPU.Build.0 = Release|Any CPU
		{AA2B915B-B6DA-428E-9E86-32D33AD255F3}.Debug|Any CPU.ActiveCfg = Debug|Any CPU
		{AA2B915B-B6DA-428E-9E86-32D33AD255F3}.Debug|Any CPU.Build.0 = Debug|Any CPU
		{AA2B915B-B6DA-428E-9E86-32D33AD255F3}.Release|Any CPU.ActiveCfg = Release|Any CPU
		{AA2B915B-B6DA-428E-9E86-32D33AD255F3}.Release|Any CPU.Build.0 = Release|Any CPU
		{A3193129-090A-47F6-93A2-6AD81AEFFC3C}.Debug|Any CPU.ActiveCfg = Debug|Any CPU
		{A3193129-090A-47F6-93A2-6AD81AEFFC3C}.Debug|Any CPU.Build.0 = Debug|Any CPU
		{A3193129-090A-47F6-93A2-6AD81AEFFC3C}.Release|Any CPU.ActiveCfg = Release|Any CPU
		{A3193129-090A-47F6-93A2-6AD81AEFFC3C}.Release|Any CPU.Build.0 = Release|Any CPU
		{B2E0CA45-DFA9-447B-B473-9A17756BF79A}.Debug|Any CPU.ActiveCfg = Debug|Any CPU
		{B2E0CA45-DFA9-447B-B473-9A17756BF79A}.Debug|Any CPU.Build.0 = Debug|Any CPU
		{B2E0CA45-DFA9-447B-B473-9A17756BF79A}.Release|Any CPU.ActiveCfg = Release|Any CPU
		{B2E0CA45-DFA9-447B-B473-9A17756BF79A}.Release|Any CPU.Build.0 = Release|Any CPU
		{37CBBF12-5453-49EB-9251-5CABCCA6ADCD}.Debug|Any CPU.ActiveCfg = Debug|Any CPU
		{37CBBF12-5453-49EB-9251-5CABCCA6ADCD}.Debug|Any CPU.Build.0 = Debug|Any CPU
		{37CBBF12-5453-49EB-9251-5CABCCA6ADCD}.Release|Any CPU.ActiveCfg = Release|Any CPU
		{37CBBF12-5453-49EB-9251-5CABCCA6ADCD}.Release|Any CPU.Build.0 = Release|Any CPU
		{A49AD821-7C7C-4411-9BF9-743CD5880D55}.Debug|Any CPU.ActiveCfg = Debug|Any CPU
		{A49AD821-7C7C-4411-9BF9-743CD5880D55}.Debug|Any CPU.Build.0 = Debug|Any CPU
		{A49AD821-7C7C-4411-9BF9-743CD5880D55}.Release|Any CPU.ActiveCfg = Release|Any CPU
		{A49AD821-7C7C-4411-9BF9-743CD5880D55}.Release|Any CPU.Build.0 = Release|Any CPU
		{C26F2473-A2A7-4731-A9DC-DD64E1B9ABC1}.Debug|Any CPU.ActiveCfg = Debug|Any CPU
		{C26F2473-A2A7-4731-A9DC-DD64E1B9ABC1}.Debug|Any CPU.Build.0 = Debug|Any CPU
		{C26F2473-A2A7-4731-A9DC-DD64E1B9ABC1}.Release|Any CPU.ActiveCfg = Release|Any CPU
		{C26F2473-A2A7-4731-A9DC-DD64E1B9ABC1}.Release|Any CPU.Build.0 = Release|Any CPU
		{CBC234F1-3F4A-4A1A-9A92-6C1A7AD98E77}.Debug|Any CPU.ActiveCfg = Debug|Any CPU
		{CBC234F1-3F4A-4A1A-9A92-6C1A7AD98E77}.Debug|Any CPU.Build.0 = Debug|Any CPU
		{CBC234F1-3F4A-4A1A-9A92-6C1A7AD98E77}.Release|Any CPU.ActiveCfg = Release|Any CPU
		{CBC234F1-3F4A-4A1A-9A92-6C1A7AD98E77}.Release|Any CPU.Build.0 = Release|Any CPU
		{B79B1B24-8021-4B03-8D74-0A3B40480E0E}.Debug|Any CPU.ActiveCfg = Debug|Any CPU
		{B79B1B24-8021-4B03-8D74-0A3B40480E0E}.Debug|Any CPU.Build.0 = Debug|Any CPU
		{B79B1B24-8021-4B03-8D74-0A3B40480E0E}.Release|Any CPU.ActiveCfg = Release|Any CPU
		{B79B1B24-8021-4B03-8D74-0A3B40480E0E}.Release|Any CPU.Build.0 = Release|Any CPU
		{B7A10C20-82CE-457A-9EE6-C6DAD73D3DC0}.Debug|Any CPU.ActiveCfg = Debug|Any CPU
		{B7A10C20-82CE-457A-9EE6-C6DAD73D3DC0}.Debug|Any CPU.Build.0 = Debug|Any CPU
		{B7A10C20-82CE-457A-9EE6-C6DAD73D3DC0}.Release|Any CPU.ActiveCfg = Release|Any CPU
		{B7A10C20-82CE-457A-9EE6-C6DAD73D3DC0}.Release|Any CPU.Build.0 = Release|Any CPU
		{A3C665C9-080E-4EE2-9878-454493BE6FE6}.Debug|Any CPU.ActiveCfg = Debug|Any CPU
		{A3C665C9-080E-4EE2-9878-454493BE6FE6}.Debug|Any CPU.Build.0 = Debug|Any CPU
		{A3C665C9-080E-4EE2-9878-454493BE6FE6}.Release|Any CPU.ActiveCfg = Release|Any CPU
		{A3C665C9-080E-4EE2-9878-454493BE6FE6}.Release|Any CPU.Build.0 = Release|Any CPU
		{31E79E92-FA93-4C6C-BCD3-C1871EF1E489}.Debug|Any CPU.ActiveCfg = Debug|Any CPU
		{31E79E92-FA93-4C6C-BCD3-C1871EF1E489}.Debug|Any CPU.Build.0 = Debug|Any CPU
		{31E79E92-FA93-4C6C-BCD3-C1871EF1E489}.Release|Any CPU.ActiveCfg = Release|Any CPU
		{31E79E92-FA93-4C6C-BCD3-C1871EF1E489}.Release|Any CPU.Build.0 = Release|Any CPU
		{07B33CB5-6846-4DFD-9476-58AB5A31B561}.Debug|Any CPU.ActiveCfg = Debug|Any CPU
		{07B33CB5-6846-4DFD-9476-58AB5A31B561}.Debug|Any CPU.Build.0 = Debug|Any CPU
		{07B33CB5-6846-4DFD-9476-58AB5A31B561}.Release|Any CPU.ActiveCfg = Release|Any CPU
		{07B33CB5-6846-4DFD-9476-58AB5A31B561}.Release|Any CPU.Build.0 = Release|Any CPU
		{EE169069-9018-4CFA-9CAB-B4DBC57FA0C3}.Debug|Any CPU.ActiveCfg = Debug|Any CPU
		{EE169069-9018-4CFA-9CAB-B4DBC57FA0C3}.Debug|Any CPU.Build.0 = Debug|Any CPU
		{EE169069-9018-4CFA-9CAB-B4DBC57FA0C3}.Release|Any CPU.ActiveCfg = Release|Any CPU
		{EE169069-9018-4CFA-9CAB-B4DBC57FA0C3}.Release|Any CPU.Build.0 = Release|Any CPU
		{3006B5A9-02CD-400A-83C2-090F0FDCD0C4}.Debug|Any CPU.ActiveCfg = Debug|Any CPU
		{3006B5A9-02CD-400A-83C2-090F0FDCD0C4}.Debug|Any CPU.Build.0 = Debug|Any CPU
		{3006B5A9-02CD-400A-83C2-090F0FDCD0C4}.Release|Any CPU.ActiveCfg = Release|Any CPU
		{3006B5A9-02CD-400A-83C2-090F0FDCD0C4}.Release|Any CPU.Build.0 = Release|Any CPU
		{56417C1A-1EA8-41F4-AB2C-19BDCE76082B}.Debug|Any CPU.ActiveCfg = Debug|Any CPU
		{56417C1A-1EA8-41F4-AB2C-19BDCE76082B}.Debug|Any CPU.Build.0 = Debug|Any CPU
		{56417C1A-1EA8-41F4-AB2C-19BDCE76082B}.Release|Any CPU.ActiveCfg = Release|Any CPU
		{56417C1A-1EA8-41F4-AB2C-19BDCE76082B}.Release|Any CPU.Build.0 = Release|Any CPU
		{5ADBDC50-50D6-4B5A-95A5-ABCF70463D1D}.Debug|Any CPU.ActiveCfg = Debug|Any CPU
		{5ADBDC50-50D6-4B5A-95A5-ABCF70463D1D}.Debug|Any CPU.Build.0 = Debug|Any CPU
		{5ADBDC50-50D6-4B5A-95A5-ABCF70463D1D}.Release|Any CPU.ActiveCfg = Release|Any CPU
		{5ADBDC50-50D6-4B5A-95A5-ABCF70463D1D}.Release|Any CPU.Build.0 = Release|Any CPU
		{F713C61F-973E-4BC2-A553-6D9D5E5F6D0E}.Debug|Any CPU.ActiveCfg = Debug|Any CPU
		{F713C61F-973E-4BC2-A553-6D9D5E5F6D0E}.Debug|Any CPU.Build.0 = Debug|Any CPU
		{F713C61F-973E-4BC2-A553-6D9D5E5F6D0E}.Release|Any CPU.ActiveCfg = Release|Any CPU
		{F713C61F-973E-4BC2-A553-6D9D5E5F6D0E}.Release|Any CPU.Build.0 = Release|Any CPU
		{24A97C3B-7346-4ED6-8293-20AADEB5795A}.Debug|Any CPU.ActiveCfg = Debug|Any CPU
		{24A97C3B-7346-4ED6-8293-20AADEB5795A}.Debug|Any CPU.Build.0 = Debug|Any CPU
		{24A97C3B-7346-4ED6-8293-20AADEB5795A}.Release|Any CPU.ActiveCfg = Release|Any CPU
		{24A97C3B-7346-4ED6-8293-20AADEB5795A}.Release|Any CPU.Build.0 = Release|Any CPU
		{5FE9E609-DE95-4B55-8786-8B2847698D10}.Debug|Any CPU.ActiveCfg = Debug|Any CPU
		{5FE9E609-DE95-4B55-8786-8B2847698D10}.Debug|Any CPU.Build.0 = Debug|Any CPU
		{5FE9E609-DE95-4B55-8786-8B2847698D10}.Release|Any CPU.ActiveCfg = Release|Any CPU
		{5FE9E609-DE95-4B55-8786-8B2847698D10}.Release|Any CPU.Build.0 = Release|Any CPU
		{68177969-CD21-4C5F-8439-C65C3BD648F3}.Debug|Any CPU.ActiveCfg = Debug|Any CPU
		{68177969-CD21-4C5F-8439-C65C3BD648F3}.Debug|Any CPU.Build.0 = Debug|Any CPU
		{68177969-CD21-4C5F-8439-C65C3BD648F3}.Release|Any CPU.ActiveCfg = Release|Any CPU
		{68177969-CD21-4C5F-8439-C65C3BD648F3}.Release|Any CPU.Build.0 = Release|Any CPU
	EndGlobalSection
	GlobalSection(SolutionProperties) = preSolution
		HideSolutionNode = FALSE
	EndGlobalSection
	GlobalSection(NestedProjects) = preSolution
		{B2C12215-E252-4BD6-8182-A485D600F7B5} = {41BCBF9C-8728-4E18-9B97-C16C21758FA6}
		{80424370-9A8F-4E21-A4AC-89FF56EA3E2F} = {41BCBF9C-8728-4E18-9B97-C16C21758FA6}
		{41A769D0-EAC1-4209-B257-14B7B6C66FF7} = {41BCBF9C-8728-4E18-9B97-C16C21758FA6}
		{6D88B7DC-E7A6-4A48-BBB5-421F9968BFEF} = {41BCBF9C-8728-4E18-9B97-C16C21758FA6}
		{3006B5A9-02CD-400A-83C2-090F0FDCD0C4} = {B2C12215-E252-4BD6-8182-A485D600F7B5}
		{56417C1A-1EA8-41F4-AB2C-19BDCE76082B} = {B2C12215-E252-4BD6-8182-A485D600F7B5}
		{5ADBDC50-50D6-4B5A-95A5-ABCF70463D1D} = {B2C12215-E252-4BD6-8182-A485D600F7B5}
		{07B33CB5-6846-4DFD-9476-58AB5A31B561} = {80424370-9A8F-4E21-A4AC-89FF56EA3E2F}
		{EE169069-9018-4CFA-9CAB-B4DBC57FA0C3} = {80424370-9A8F-4E21-A4AC-89FF56EA3E2F}
		{F713C61F-973E-4BC2-A553-6D9D5E5F6D0E} = {80424370-9A8F-4E21-A4AC-89FF56EA3E2F}
		{B79B1B24-8021-4B03-8D74-0A3B40480E0E} = {41A769D0-EAC1-4209-B257-14B7B6C66FF7}
		{B7A10C20-82CE-457A-9EE6-C6DAD73D3DC0} = {41A769D0-EAC1-4209-B257-14B7B6C66FF7}
		{A3C665C9-080E-4EE2-9878-454493BE6FE6} = {6D88B7DC-E7A6-4A48-BBB5-421F9968BFEF}
		{31E79E92-FA93-4C6C-BCD3-C1871EF1E489} = {6D88B7DC-E7A6-4A48-BBB5-421F9968BFEF}
		{24A97C3B-7346-4ED6-8293-20AADEB5795A} = {FA253022-A99E-4271-82DC-74A13649391C}
		{5FE9E609-DE95-4B55-8786-8B2847698D10} = {FA253022-A99E-4271-82DC-74A13649391C}
		{68177969-CD21-4C5F-8439-C65C3BD648F3} = {FA253022-A99E-4271-82DC-74A13649391C}
	EndGlobalSection
EndGlobal
